// !$*UTF8*$!
{
	archiveVersion = 1;
	classes = {
	};
	objectVersion = 50;
	objects = {

/* Begin PBXBuildFile section */
		2E1B577C253E9E0D00E13F26 /* View+ExpandableAndFoldable.swift in Sources */ = {isa = PBXBuildFile; fileRef = 2E1B577B253E9E0D00E13F26 /* View+ExpandableAndFoldable.swift */; };
		2E1B577F253E9E3700E13F26 /* FoldableMakeupListView.swift in Sources */ = {isa = PBXBuildFile; fileRef = 2E1B577E253E9E3700E13F26 /* FoldableMakeupListView.swift */; };
		2E1B5782253E9E9C00E13F26 /* MakeupDetailsView.swift in Sources */ = {isa = PBXBuildFile; fileRef = 2E1B5781253E9E9C00E13F26 /* MakeupDetailsView.swift */; };
		2E1B5785253E9EDE00E13F26 /* View+ExitOnDrag.swift in Sources */ = {isa = PBXBuildFile; fileRef = 2E1B5784253E9EDE00E13F26 /* View+ExitOnDrag.swift */; };
		2E8C6759253E434000F63C59 /* SwiftUIMakeUpApp.swift in Sources */ = {isa = PBXBuildFile; fileRef = 2E8C6758253E434000F63C59 /* SwiftUIMakeUpApp.swift */; };
		2E8C675B253E434000F63C59 /* ContentView.swift in Sources */ = {isa = PBXBuildFile; fileRef = 2E8C675A253E434000F63C59 /* ContentView.swift */; };
		2E8C675D253E434200F63C59 /* Assets.xcassets in Resources */ = {isa = PBXBuildFile; fileRef = 2E8C675C253E434200F63C59 /* Assets.xcassets */; };
		2E8C6760253E434200F63C59 /* Preview Assets.xcassets in Resources */ = {isa = PBXBuildFile; fileRef = 2E8C675F253E434200F63C59 /* Preview Assets.xcassets */; };
		2E8C6770253E43E900F63C59 /* Makeup.swift in Sources */ = {isa = PBXBuildFile; fileRef = 2E8C676F253E43E900F63C59 /* Makeup.swift */; };
		2E8C6775253E44C700F63C59 /* URLImage.swift in Sources */ = {isa = PBXBuildFile; fileRef = 2E8C6774253E44C600F63C59 /* URLImage.swift */; };
		2E8C6779253E44F900F63C59 /* ImageLoader.swift in Sources */ = {isa = PBXBuildFile; fileRef = 2E8C6778253E44F900F63C59 /* ImageLoader.swift */; };
		2E8C6782253E465300F63C59 /* MakeupViewModel.swift in Sources */ = {isa = PBXBuildFile; fileRef = 2E8C6781253E465300F63C59 /* MakeupViewModel.swift */; };
		2E8C678B253E49D900F63C59 /* MakeupListViewModel.swift in Sources */ = {isa = PBXBuildFile; fileRef = 2E8C678A253E49D900F63C59 /* MakeupListViewModel.swift */; };
		2E8C678F253E4A8700F63C59 /* Webservice.swift in Sources */ = {isa = PBXBuildFile; fileRef = 2E8C678E253E4A8700F63C59 /* Webservice.swift */; };
		2E8C6796253E548E00F63C59 /* Image+Extension.swift in Sources */ = {isa = PBXBuildFile; fileRef = 2E8C6795253E548E00F63C59 /* Image+Extension.swift */; };
/* End PBXBuildFile section */

/* Begin PBXFileReference section */
		2E1B577B253E9E0D00E13F26 /* View+ExpandableAndFoldable.swift */ = {isa = PBXFileReference; fileEncoding = 4; lastKnownFileType = sourcecode.swift; path = "View+ExpandableAndFoldable.swift"; sourceTree = "<group>"; };
		2E1B577E253E9E3700E13F26 /* FoldableMakeupListView.swift */ = {isa = PBXFileReference; lastKnownFileType = sourcecode.swift; path = FoldableMakeupListView.swift; sourceTree = "<group>"; };
		2E1B5781253E9E9C00E13F26 /* MakeupDetailsView.swift */ = {isa = PBXFileReference; lastKnownFileType = sourcecode.swift; path = MakeupDetailsView.swift; sourceTree = "<group>"; };
		2E1B5784253E9EDE00E13F26 /* View+ExitOnDrag.swift */ = {isa = PBXFileReference; lastKnownFileType = sourcecode.swift; path = "View+ExitOnDrag.swift"; sourceTree = "<group>"; };
		2E8C6755253E433F00F63C59 /* SwiftUIMakeUp.app */ = {isa = PBXFileReference; explicitFileType = wrapper.application; includeInIndex = 0; path = SwiftUIMakeUp.app; sourceTree = BUILT_PRODUCTS_DIR; };
		2E8C6758253E434000F63C59 /* SwiftUIMakeUpApp.swift */ = {isa = PBXFileReference; lastKnownFileType = sourcecode.swift; path = SwiftUIMakeUpApp.swift; sourceTree = "<group>"; };
		2E8C675A253E434000F63C59 /* ContentView.swift */ = {isa = PBXFileReference; lastKnownFileType = sourcecode.swift; path = ContentView.swift; sourceTree = "<group>"; };
		2E8C675C253E434200F63C59 /* Assets.xcassets */ = {isa = PBXFileReference; lastKnownFileType = folder.assetcatalog; path = Assets.xcassets; sourceTree = "<group>"; };
		2E8C675F253E434200F63C59 /* Preview Assets.xcassets */ = {isa = PBXFileReference; lastKnownFileType = folder.assetcatalog; path = "Preview Assets.xcassets"; sourceTree = "<group>"; };
		2E8C6761253E434200F63C59 /* Info.plist */ = {isa = PBXFileReference; lastKnownFileType = text.plist.xml; path = Info.plist; sourceTree = "<group>"; };
		2E8C676F253E43E900F63C59 /* Makeup.swift */ = {isa = PBXFileReference; lastKnownFileType = sourcecode.swift; path = Makeup.swift; sourceTree = "<group>"; };
		2E8C6774253E44C600F63C59 /* URLImage.swift */ = {isa = PBXFileReference; lastKnownFileType = sourcecode.swift; path = URLImage.swift; sourceTree = "<group>"; };
		2E8C6778253E44F900F63C59 /* ImageLoader.swift */ = {isa = PBXFileReference; lastKnownFileType = sourcecode.swift; path = ImageLoader.swift; sourceTree = "<group>"; };
		2E8C6781253E465300F63C59 /* MakeupViewModel.swift */ = {isa = PBXFileReference; lastKnownFileType = sourcecode.swift; path = MakeupViewModel.swift; sourceTree = "<group>"; };
		2E8C678A253E49D900F63C59 /* MakeupListViewModel.swift */ = {isa = PBXFileReference; lastKnownFileType = sourcecode.swift; path = MakeupListViewModel.swift; sourceTree = "<group>"; };
		2E8C678E253E4A8700F63C59 /* Webservice.swift */ = {isa = PBXFileReference; lastKnownFileType = sourcecode.swift; path = Webservice.swift; sourceTree = "<group>"; };
		2E8C6795253E548E00F63C59 /* Image+Extension.swift */ = {isa = PBXFileReference; fileEncoding = 4; lastKnownFileType = sourcecode.swift; path = "Image+Extension.swift"; sourceTree = "<group>"; };
/* End PBXFileReference section */

/* Begin PBXFrameworksBuildPhase section */
		2E8C6752253E433F00F63C59 /* Frameworks */ = {
			isa = PBXFrameworksBuildPhase;
			buildActionMask = 2147483647;
			files = (
			);
			runOnlyForDeploymentPostprocessing = 0;
		};
/* End PBXFrameworksBuildPhase section */

/* Begin PBXGroup section */
		2E8C674C253E433F00F63C59 = {
			isa = PBXGroup;
			children = (
				2E8C6757253E433F00F63C59 /* SwiftUIMakeUp */,
				2E8C6756253E433F00F63C59 /* Products */,
			);
			sourceTree = "<group>";
		};
		2E8C6756253E433F00F63C59 /* Products */ = {
			isa = PBXGroup;
			children = (
				2E8C6755253E433F00F63C59 /* SwiftUIMakeUp.app */,
			);
			name = Products;
			sourceTree = "<group>";
		};
		2E8C6757253E433F00F63C59 /* SwiftUIMakeUp */ = {
			isa = PBXGroup;
			children = (
				2E8C678D253E4A7400F63C59 /* Webservices */,
				2E8C6780253E464400F63C59 /* ViewModels */,
				2E8C6777253E44EC00F63C59 /* Helpers */,
				2E8C676D253E43B200F63C59 /* Resources */,
				2E8C676B253E435500F63C59 /* Models */,
				2E8C6768253E434D00F63C59 /* Views */,
				2E8C675E253E434200F63C59 /* Preview Content */,
			);
			path = SwiftUIMakeUp;
			sourceTree = "<group>";
		};
		2E8C675E253E434200F63C59 /* Preview Content */ = {
			isa = PBXGroup;
			children = (
				2E8C675F253E434200F63C59 /* Preview Assets.xcassets */,
			);
			path = "Preview Content";
			sourceTree = "<group>";
		};
		2E8C6768253E434D00F63C59 /* Views */ = {
			isa = PBXGroup;
			children = (
				2E8C675A253E434000F63C59 /* ContentView.swift */,
				2E8C6774253E44C600F63C59 /* URLImage.swift */,
				2E1B577E253E9E3700E13F26 /* FoldableMakeupListView.swift */,
				2E1B5781253E9E9C00E13F26 /* MakeupDetailsView.swift */,
			);
			path = Views;
			sourceTree = "<group>";
		};
		2E8C676B253E435500F63C59 /* Models */ = {
			isa = PBXGroup;
			children = (
				2E8C676F253E43E900F63C59 /* Makeup.swift */,
			);
			path = Models;
			sourceTree = "<group>";
		};
		2E8C676D253E43B200F63C59 /* Resources */ = {
			isa = PBXGroup;
			children = (
				2E8C6761253E434200F63C59 /* Info.plist */,
				2E8C6758253E434000F63C59 /* SwiftUIMakeUpApp.swift */,
				2E8C675C253E434200F63C59 /* Assets.xcassets */,
			);
			path = Resources;
			sourceTree = "<group>";
		};
		2E8C6777253E44EC00F63C59 /* Helpers */ = {
			isa = PBXGroup;
			children = (
				2E1B577B253E9E0D00E13F26 /* View+ExpandableAndFoldable.swift */,
				2E8C6795253E548E00F63C59 /* Image+Extension.swift */,
				2E8C6778253E44F900F63C59 /* ImageLoader.swift */,
				2E1B5784253E9EDE00E13F26 /* View+ExitOnDrag.swift */,
			);
			path = Helpers;
			sourceTree = "<group>";
		};
		2E8C6780253E464400F63C59 /* ViewModels */ = {
			isa = PBXGroup;
			children = (
				2E8C6781253E465300F63C59 /* MakeupViewModel.swift */,
				2E8C678A253E49D900F63C59 /* MakeupListViewModel.swift */,
			);
			path = ViewModels;
			sourceTree = "<group>";
		};
		2E8C678D253E4A7400F63C59 /* Webservices */ = {
			isa = PBXGroup;
			children = (
				2E8C678E253E4A8700F63C59 /* Webservice.swift */,
			);
			path = Webservices;
			sourceTree = "<group>";
		};
/* End PBXGroup section */

/* Begin PBXNativeTarget section */
		2E8C6754253E433F00F63C59 /* SwiftUIMakeUp */ = {
			isa = PBXNativeTarget;
			buildConfigurationList = 2E8C6764253E434200F63C59 /* Build configuration list for PBXNativeTarget "SwiftUIMakeUp" */;
			buildPhases = (
				2E8C6751253E433F00F63C59 /* Sources */,
				2E8C6752253E433F00F63C59 /* Frameworks */,
				2E8C6753253E433F00F63C59 /* Resources */,
			);
			buildRules = (
			);
			dependencies = (
			);
			name = SwiftUIMakeUp;
			productName = SwiftUIMakeUp;
			productReference = 2E8C6755253E433F00F63C59 /* SwiftUIMakeUp.app */;
			productType = "com.apple.product-type.application";
		};
/* End PBXNativeTarget section */

/* Begin PBXProject section */
		2E8C674D253E433F00F63C59 /* Project object */ = {
			isa = PBXProject;
			attributes = {
				LastSwiftUpdateCheck = 1200;
				LastUpgradeCheck = 1200;
				TargetAttributes = {
					2E8C6754253E433F00F63C59 = {
						CreatedOnToolsVersion = 12.0.1;
					};
				};
			};
			buildConfigurationList = 2E8C6750253E433F00F63C59 /* Build configuration list for PBXProject "SwiftUIMakeUp" */;
			compatibilityVersion = "Xcode 9.3";
			developmentRegion = en;
			hasScannedForEncodings = 0;
			knownRegions = (
				en,
				Base,
			);
			mainGroup = 2E8C674C253E433F00F63C59;
			productRefGroup = 2E8C6756253E433F00F63C59 /* Products */;
			projectDirPath = "";
			projectRoot = "";
			targets = (
				2E8C6754253E433F00F63C59 /* SwiftUIMakeUp */,
			);
		};
/* End PBXProject section */

/* Begin PBXResourcesBuildPhase section */
		2E8C6753253E433F00F63C59 /* Resources */ = {
			isa = PBXResourcesBuildPhase;
			buildActionMask = 2147483647;
			files = (
				2E8C6760253E434200F63C59 /* Preview Assets.xcassets in Resources */,
				2E8C675D253E434200F63C59 /* Assets.xcassets in Resources */,
			);
			runOnlyForDeploymentPostprocessing = 0;
		};
/* End PBXResourcesBuildPhase section */

/* Begin PBXSourcesBuildPhase section */
		2E8C6751253E433F00F63C59 /* Sources */ = {
			isa = PBXSourcesBuildPhase;
			buildActionMask = 2147483647;
			files = (
				2E8C6796253E548E00F63C59 /* Image+Extension.swift in Sources */,
				2E8C675B253E434000F63C59 /* ContentView.swift in Sources */,
				2E1B577C253E9E0D00E13F26 /* View+ExpandableAndFoldable.swift in Sources */,
				2E8C6770253E43E900F63C59 /* Makeup.swift in Sources */,
				2E8C6779253E44F900F63C59 /* ImageLoader.swift in Sources */,
				2E8C6782253E465300F63C59 /* MakeupViewModel.swift in Sources */,
				2E8C6759253E434000F63C59 /* SwiftUIMakeUpApp.swift in Sources */,
				2E1B5782253E9E9C00E13F26 /* MakeupDetailsView.swift in Sources */,
				2E1B5785253E9EDE00E13F26 /* View+ExitOnDrag.swift in Sources */,
				2E8C6775253E44C700F63C59 /* URLImage.swift in Sources */,
				2E8C678B253E49D900F63C59 /* MakeupListViewModel.swift in Sources */,
				2E1B577F253E9E3700E13F26 /* FoldableMakeupListView.swift in Sources */,
				2E8C678F253E4A8700F63C59 /* Webservice.swift in Sources */,
			);
			runOnlyForDeploymentPostprocessing = 0;
		};
/* End PBXSourcesBuildPhase section */

/* Begin XCBuildConfiguration section */
		2E8C6762253E434200F63C59 /* Debug */ = {
			isa = XCBuildConfiguration;
			buildSettings = {
				ALWAYS_SEARCH_USER_PATHS = NO;
				CLANG_ANALYZER_NONNULL = YES;
				CLANG_ANALYZER_NUMBER_OBJECT_CONVERSION = YES_AGGRESSIVE;
				CLANG_CXX_LANGUAGE_STANDARD = "gnu++14";
				CLANG_CXX_LIBRARY = "libc++";
				CLANG_ENABLE_MODULES = YES;
				CLANG_ENABLE_OBJC_ARC = YES;
				CLANG_ENABLE_OBJC_WEAK = YES;
				CLANG_WARN_BLOCK_CAPTURE_AUTORELEASING = YES;
				CLANG_WARN_BOOL_CONVERSION = YES;
				CLANG_WARN_COMMA = YES;
				CLANG_WARN_CONSTANT_CONVERSION = YES;
				CLANG_WARN_DEPRECATED_OBJC_IMPLEMENTATIONS = YES;
				CLANG_WARN_DIRECT_OBJC_ISA_USAGE = YES_ERROR;
				CLANG_WARN_DOCUMENTATION_COMMENTS = YES;
				CLANG_WARN_EMPTY_BODY = YES;
				CLANG_WARN_ENUM_CONVERSION = YES;
				CLANG_WARN_INFINITE_RECURSION = YES;
				CLANG_WARN_INT_CONVERSION = YES;
				CLANG_WARN_NON_LITERAL_NULL_CONVERSION = YES;
				CLANG_WARN_OBJC_IMPLICIT_RETAIN_SELF = YES;
				CLANG_WARN_OBJC_LITERAL_CONVERSION = YES;
				CLANG_WARN_OBJC_ROOT_CLASS = YES_ERROR;
				CLANG_WARN_QUOTED_INCLUDE_IN_FRAMEWORK_HEADER = YES;
				CLANG_WARN_RANGE_LOOP_ANALYSIS = YES;
				CLANG_WARN_STRICT_PROTOTYPES = YES;
				CLANG_WARN_SUSPICIOUS_MOVE = YES;
				CLANG_WARN_UNGUARDED_AVAILABILITY = YES_AGGRESSIVE;
				CLANG_WARN_UNREACHABLE_CODE = YES;
				CLANG_WARN__DUPLICATE_METHOD_MATCH = YES;
				COPY_PHASE_STRIP = NO;
				DEBUG_INFORMATION_FORMAT = dwarf;
				ENABLE_STRICT_OBJC_MSGSEND = YES;
				ENABLE_TESTABILITY = YES;
				GCC_C_LANGUAGE_STANDARD = gnu11;
				GCC_DYNAMIC_NO_PIC = NO;
				GCC_NO_COMMON_BLOCKS = YES;
				GCC_OPTIMIZATION_LEVEL = 0;
				GCC_PREPROCESSOR_DEFINITIONS = (
					"DEBUG=1",
					"$(inherited)",
				);
				GCC_WARN_64_TO_32_BIT_CONVERSION = YES;
				GCC_WARN_ABOUT_RETURN_TYPE = YES_ERROR;
				GCC_WARN_UNDECLARED_SELECTOR = YES;
				GCC_WARN_UNINITIALIZED_AUTOS = YES_AGGRESSIVE;
				GCC_WARN_UNUSED_FUNCTION = YES;
				GCC_WARN_UNUSED_VARIABLE = YES;
				IPHONEOS_DEPLOYMENT_TARGET = 14.0;
				MTL_ENABLE_DEBUG_INFO = INCLUDE_SOURCE;
				MTL_FAST_MATH = YES;
				ONLY_ACTIVE_ARCH = YES;
				SDKROOT = iphoneos;
				SWIFT_ACTIVE_COMPILATION_CONDITIONS = DEBUG;
				SWIFT_OPTIMIZATION_LEVEL = "-Onone";
			};
			name = Debug;
		};
		2E8C6763253E434200F63C59 /* Release */ = {
			isa = XCBuildConfiguration;
			buildSettings = {
				ALWAYS_SEARCH_USER_PATHS = NO;
				CLANG_ANALYZER_NONNULL = YES;
				CLANG_ANALYZER_NUMBER_OBJECT_CONVERSION = YES_AGGRESSIVE;
				CLANG_CXX_LANGUAGE_STANDARD = "gnu++14";
				CLANG_CXX_LIBRARY = "libc++";
				CLANG_ENABLE_MODULES = YES;
				CLANG_ENABLE_OBJC_ARC = YES;
				CLANG_ENABLE_OBJC_WEAK = YES;
				CLANG_WARN_BLOCK_CAPTURE_AUTORELEASING = YES;
				CLANG_WARN_BOOL_CONVERSION = YES;
				CLANG_WARN_COMMA = YES;
				CLANG_WARN_CONSTANT_CONVERSION = YES;
				CLANG_WARN_DEPRECATED_OBJC_IMPLEMENTATIONS = YES;
				CLANG_WARN_DIRECT_OBJC_ISA_USAGE = YES_ERROR;
				CLANG_WARN_DOCUMENTATION_COMMENTS = YES;
				CLANG_WARN_EMPTY_BODY = YES;
				CLANG_WARN_ENUM_CONVERSION = YES;
				CLANG_WARN_INFINITE_RECURSION = YES;
				CLANG_WARN_INT_CONVERSION = YES;
				CLANG_WARN_NON_LITERAL_NULL_CONVERSION = YES;
				CLANG_WARN_OBJC_IMPLICIT_RETAIN_SELF = YES;
				CLANG_WARN_OBJC_LITERAL_CONVERSION = YES;
				CLANG_WARN_OBJC_ROOT_CLASS = YES_ERROR;
				CLANG_WARN_QUOTED_INCLUDE_IN_FRAMEWORK_HEADER = YES;
				CLANG_WARN_RANGE_LOOP_ANALYSIS = YES;
				CLANG_WARN_STRICT_PROTOTYPES = YES;
				CLANG_WARN_SUSPICIOUS_MOVE = YES;
				CLANG_WARN_UNGUARDED_AVAILABILITY = YES_AGGRESSIVE;
				CLANG_WARN_UNREACHABLE_CODE = YES;
				CLANG_WARN__DUPLICATE_METHOD_MATCH = YES;
				COPY_PHASE_STRIP = NO;
				DEBUG_INFORMATION_FORMAT = "dwarf-with-dsym";
				ENABLE_NS_ASSERTIONS = NO;
				ENABLE_STRICT_OBJC_MSGSEND = YES;
				GCC_C_LANGUAGE_STANDARD = gnu11;
				GCC_NO_COMMON_BLOCKS = YES;
				GCC_WARN_64_TO_32_BIT_CONVERSION = YES;
				GCC_WARN_ABOUT_RETURN_TYPE = YES_ERROR;
				GCC_WARN_UNDECLARED_SELECTOR = YES;
				GCC_WARN_UNINITIALIZED_AUTOS = YES_AGGRESSIVE;
				GCC_WARN_UNUSED_FUNCTION = YES;
				GCC_WARN_UNUSED_VARIABLE = YES;
				IPHONEOS_DEPLOYMENT_TARGET = 14.0;
				MTL_ENABLE_DEBUG_INFO = NO;
				MTL_FAST_MATH = YES;
				SDKROOT = iphoneos;
				SWIFT_COMPILATION_MODE = wholemodule;
				SWIFT_OPTIMIZATION_LEVEL = "-O";
				VALIDATE_PRODUCT = YES;
			};
			name = Release;
		};
		2E8C6765253E434200F63C59 /* Debug */ = {
			isa = XCBuildConfiguration;
			buildSettings = {
				ASSETCATALOG_COMPILER_APPICON_NAME = AppIcon;
				ASSETCATALOG_COMPILER_GLOBAL_ACCENT_COLOR_NAME = AccentColor;
				CODE_SIGN_STYLE = Automatic;
				DEVELOPMENT_ASSET_PATHS = "\"SwiftUIMakeUp/Preview Content\"";
				DEVELOPMENT_TEAM = 9DGMQB3935;
				ENABLE_PREVIEWS = YES;
				INFOPLIST_FILE = SwiftUIMakeUp/Resources/Info.plist;
				IPHONEOS_DEPLOYMENT_TARGET = 14.0;
				LD_RUNPATH_SEARCH_PATHS = (
					"$(inherited)",
					"@executable_path/Frameworks",
				);
				PRODUCT_BUNDLE_IDENTIFIER = com.deniztutuncu.SwiftUIMakeUp;
				PRODUCT_NAME = "$(TARGET_NAME)";
				SWIFT_VERSION = 5.0;
				TARGETED_DEVICE_FAMILY = "1,2";
			};
			name = Debug;
		};
		2E8C6766253E434200F63C59 /* Release */ = {
			isa = XCBuildConfiguration;
			buildSettings = {
				ASSETCATALOG_COMPILER_APPICON_NAME = AppIcon;
				ASSETCATALOG_COMPILER_GLOBAL_ACCENT_COLOR_NAME = AccentColor;
				CODE_SIGN_STYLE = Automatic;
				DEVELOPMENT_ASSET_PATHS = "\"SwiftUIMakeUp/Preview Content\"";
				DEVELOPMENT_TEAM = 9DGMQB3935;
				ENABLE_PREVIEWS = YES;
				INFOPLIST_FILE = SwiftUIMakeUp/Resources/Info.plist;
				IPHONEOS_DEPLOYMENT_TARGET = 14.0;
				LD_RUNPATH_SEARCH_PATHS = (
					"$(inherited)",
					"@executable_path/Frameworks",
				);
				PRODUCT_BUNDLE_IDENTIFIER = com.deniztutuncu.SwiftUIMakeUp;
				PRODUCT_NAME = "$(TARGET_NAME)";
				SWIFT_VERSION = 5.0;
				TARGETED_DEVICE_FAMILY = "1,2";
			};
			name = Release;
		};
/* End XCBuildConfiguration section */

/* Begin XCConfigurationList section */
		2E8C6750253E433F00F63C59 /* Build configuration list for PBXProject "SwiftUIMakeUp" */ = {
			isa = XCConfigurationList;
			buildConfigurations = (
				2E8C6762253E434200F63C59 /* Debug */,
				2E8C6763253E434200F63C59 /* Release */,
			);
			defaultConfigurationIsVisible = 0;
			defaultConfigurationName = Release;
		};
		2E8C6764253E434200F63C59 /* Build configuration list for PBXNativeTarget "SwiftUIMakeUp" */ = {
			isa = XCConfigurationList;
			buildConfigurations = (
				2E8C6765253E434200F63C59 /* Debug */,
				2E8C6766253E434200F63C59 /* Release */,
			);
			defaultConfigurationIsVisible = 0;
			defaultConfigurationName = Release;
		};
/* End XCConfigurationList section */
	};
	rootObject = 2E8C674D253E433F00F63C59 /* Project object */;
}
